
Microsoft Visual Studio Solution File, Format Version 12.00
# Visual Studio Version 16
VisualStudioVersion = 16.0.29911.84
MinimumVisualStudioVersion = 10.0.40219.1
Project("{FAE04EC0-301F-11D3-BF4B-00C04F79EFBC}") = "CourseWork", "CourseWork\CourseWork.csproj", "{943EB5BB-A99D-452F-8947-2B765C7679BB}"
EndProject
Global
	GlobalSection(SolutionConfigurationPlatforms) = preSolution
		Debug|Any CPU = Debug|Any CPU
		Release|Any CPU = Release|Any CPU
	EndGlobalSection
	GlobalSection(ProjectConfigurationPlatforms) = postSolution
		{943EB5BB-A99D-452F-8947-2B765C7679BB}.Debug|Any CPU.ActiveCfg = Debug|Any CPU
		{943EB5BB-A99D-452F-8947-2B765C7679BB}.Debug|Any CPU.Build.0 = Debug|Any CPU
		{943EB5BB-A99D-452F-8947-2B765C7679BB}.Release|Any CPU.ActiveCfg = Release|Any CPU
		{943EB5BB-A99D-452F-8947-2B765C7679BB}.Release|Any CPU.Build.0 = Release|Any CPU
	EndGlobalSection
	GlobalSection(SolutionProperties) = preSolution
		HideSolutionNode = FALSE
	EndGlobalSection
	GlobalSection(ExtensibilityGlobals) = postSolution
		SolutionGuid = {AAC1FB89-C779-47AA-BBD6-E36ADD2995DB}
	EndGlobalSection
EndGlobal
